github.com/jcremp77/dog v0.0.0-20240711103139-16d15d6bfa71 h1:F4dF3kLkS+Lck/qTdz3LdtR62vq520idB6/cxrdwasI=
github.com/jcremp77/dog v0.0.0-20240711103139-16d15d6bfa71/go.mod h1:JPCQG0smjZfxusA0XKRD8jT7N7VzXw7BRNp313yaqag=
github.com/jcremp77/puppy v0.0.0-20240711113451-8a57d53be1fa h1:V0hCQWQIq8GxC14i5v7BYKIVQvbA4niyQVn52dzXcB8=
github.com/jcremp77/puppy v0.0.0-20240711113451-8a57d53be1fa/go.mod h1:U4wk805+zgTEZ1qj6POqsFJwRv14VnPwWjwvCR2axU8=
